
Microsoft Visual Studio Solution File, Format Version 12.00
# Visual Studio Version 16
VisualStudioVersion = 16.0.30413.136
MinimumVisualStudioVersion = 10.0.40219.1
Project("{FAE04EC0-301F-11D3-BF4B-00C04F79EFBC}") = "InventoryManagement", "InventoryManagement\InventoryManagement.csproj", "{E0C9389F-102D-439E-BB65-C6C59DA7DE0F}"
EndProject
Project("{FAE04EC0-301F-11D3-BF4B-00C04F79EFBC}") = "InventoryManagement.Tests", "InventoryManagement.Tests\InventoryManagement.Tests.csproj", "{36B62247-B9BC-4333-9B2C-18EBC54B7EBE}"
EndProject
Project("{FAE04EC0-301F-11D3-BF4B-00C04F79EFBC}") = "BLL", "BLL\BLL.csproj", "{0EB1B772-DA70-4E42-A95B-E7FA35A2C069}"
EndProject
Project("{FAE04EC0-301F-11D3-BF4B-00C04F79EFBC}") = "DAL", "DAL\DAL.csproj", "{09EC5D2A-79A4-4BF2-BAC7-B9A0EFA837E0}"
EndProject
Project("{FAE04EC0-301F-11D3-BF4B-00C04F79EFBC}") = "DomainModels", "DomainModels\DomainModels.csproj", "{BA0B0E36-AF48-4E46-A74A-49905F9E70F0}"
EndProject
Project("{FAE04EC0-301F-11D3-BF4B-00C04F79EFBC}") = "DIContainer", "DIContainer\DIContainer.csproj", "{D82D620A-610C-4F3A-A84A-DDA264CE1F16}"
EndProject
Project("{2150E333-8FDC-42A3-9474-1A3956D46DE8}") = "Solution Items", "Solution Items", "{F34B62E8-09D5-48B0-846B-CF812BE933E8}"
	ProjectSection(SolutionItems) = preProject
		.editorconfig = .editorconfig
	EndProjectSection
EndProject
Global
	GlobalSection(SolutionConfigurationPlatforms) = preSolution
		Debug|Any CPU = Debug|Any CPU
		Release|Any CPU = Release|Any CPU
	EndGlobalSection
	GlobalSection(ProjectConfigurationPlatforms) = postSolution
		{E0C9389F-102D-439E-BB65-C6C59DA7DE0F}.Debug|Any CPU.ActiveCfg = Debug|Any CPU
		{E0C9389F-102D-439E-BB65-C6C59DA7DE0F}.Debug|Any CPU.Build.0 = Debug|Any CPU
		{E0C9389F-102D-439E-BB65-C6C59DA7DE0F}.Release|Any CPU.ActiveCfg = Release|Any CPU
		{E0C9389F-102D-439E-BB65-C6C59DA7DE0F}.Release|Any CPU.Build.0 = Release|Any CPU
		{36B62247-B9BC-4333-9B2C-18EBC54B7EBE}.Debug|Any CPU.ActiveCfg = Debug|Any CPU
		{36B62247-B9BC-4333-9B2C-18EBC54B7EBE}.Debug|Any CPU.Build.0 = Debug|Any CPU
		{36B62247-B9BC-4333-9B2C-18EBC54B7EBE}.Release|Any CPU.ActiveCfg = Release|Any CPU
		{36B62247-B9BC-4333-9B2C-18EBC54B7EBE}.Release|Any CPU.Build.0 = Release|Any CPU
		{0EB1B772-DA70-4E42-A95B-E7FA35A2C069}.Debug|Any CPU.ActiveCfg = Debug|Any CPU
		{0EB1B772-DA70-4E42-A95B-E7FA35A2C069}.Debug|Any CPU.Build.0 = Debug|Any CPU
		{0EB1B772-DA70-4E42-A95B-E7FA35A2C069}.Release|Any CPU.ActiveCfg = Release|Any CPU
		{0EB1B772-DA70-4E42-A95B-E7FA35A2C069}.Release|Any CPU.Build.0 = Release|Any CPU
		{09EC5D2A-79A4-4BF2-BAC7-B9A0EFA837E0}.Debug|Any CPU.ActiveCfg = Debug|Any CPU
		{09EC5D2A-79A4-4BF2-BAC7-B9A0EFA837E0}.Debug|Any CPU.Build.0 = Debug|Any CPU
		{09EC5D2A-79A4-4BF2-BAC7-B9A0EFA837E0}.Release|Any CPU.ActiveCfg = Release|Any CPU
		{09EC5D2A-79A4-4BF2-BAC7-B9A0EFA837E0}.Release|Any CPU.Build.0 = Release|Any CPU
		{BA0B0E36-AF48-4E46-A74A-49905F9E70F0}.Debug|Any CPU.ActiveCfg = Debug|Any CPU
		{BA0B0E36-AF48-4E46-A74A-49905F9E70F0}.Debug|Any CPU.Build.0 = Debug|Any CPU
		{BA0B0E36-AF48-4E46-A74A-49905F9E70F0}.Release|Any CPU.ActiveCfg = Release|Any CPU
		{BA0B0E36-AF48-4E46-A74A-49905F9E70F0}.Release|Any CPU.Build.0 = Release|Any CPU
		{D82D620A-610C-4F3A-A84A-DDA264CE1F16}.Debug|Any CPU.ActiveCfg = Debug|Any CPU
		{D82D620A-610C-4F3A-A84A-DDA264CE1F16}.Debug|Any CPU.Build.0 = Debug|Any CPU
		{D82D620A-610C-4F3A-A84A-DDA264CE1F16}.Release|Any CPU.ActiveCfg = Release|Any CPU
		{D82D620A-610C-4F3A-A84A-DDA264CE1F16}.Release|Any CPU.Build.0 = Release|Any CPU
	EndGlobalSection
	GlobalSection(SolutionProperties) = preSolution
		HideSolutionNode = FALSE
	EndGlobalSection
	GlobalSection(ExtensibilityGlobals) = postSolution
		SolutionGuid = {69EC3EF6-7D60-42AF-94BD-1A3F278EFE22}
	EndGlobalSection
EndGlobal
